
Microsoft Visual Studio Solution File, Format Version 12.00
# Visual Studio 15
VisualStudioVersion = 15.0.27004.2009
MinimumVisualStudioVersion = 10.0.40219.1
Project("{FAE04EC0-301F-11D3-BF4B-00C04F79EFBC}") = "CloudWebForwarderServer", "CloudWebForwarderServer\CloudWebForwarderServer.csproj", "{7277FC95-88F9-4082-AC5E-ED85D92D672F}"
EndProject
Project("{2150E333-8FDC-42A3-9474-1A3956D46DE8}") = "CloudWebForwarder", "CloudWebForwarder", "{143116FB-7800-44FB-A4D0-70F28D0A7559}"
EndProject
Project("{FAE04EC0-301F-11D3-BF4B-00C04F79EFBC}") = "CloudWebForwarderServerInterface", "CloudWebForwarderServerInterface\CloudWebForwarderServerInterface.csproj", "{1BDAB92E-7A6E-49BF-8395-9CDCCEF0E078}"
EndProject
Project("{FAE04EC0-301F-11D3-BF4B-00C04F79EFBC}") = "CloudWebForwarderHandler", "CloudWebForwarderHandler\CloudWebForwarderHandler.csproj", "{15AD582E-F01E-401F-9668-CFCAF7B9E410}"
EndProject
Project("{2150E333-8FDC-42A3-9474-1A3956D46DE8}") = "CloudTcpForwarder", "CloudTcpForwarder", "{D7572C16-E0D4-410B-91F5-33D49FF8688A}"
EndProject
Project("{8BC9CEB8-8B4A-11D0-8D11-00A0C91BC942}") = "CloudTcpForwarderServer", "CloudTcpForwarderServer\CloudTcpForwarderServer.vcxproj", "{F8EC067E-3B11-47A9-8480-5D44FA738640}"
EndProject
Project("{8BC9CEB8-8B4A-11D0-8D11-00A0C91BC942}") = "CloudTcpForwarderAgent", "CloudTcpForwarderAgent\CloudTcpForwarderAgent.vcxproj", "{8A03F794-08D6-4FC9-85AF-2C13D29870CB}"
EndProject
Project("{8BC9CEB8-8B4A-11D0-8D11-00A0C91BC942}") = "TestAPP", "TestAPP\TestAPP.vcxproj", "{11C5B873-D368-4E7B-82BB-373EC079E141}"
EndProject
Project("{FAE04EC0-301F-11D3-BF4B-00C04F79EFBC}") = "ManagementAgent", "ManagementAgent\ManagementAgent.csproj", "{CEE2D4CF-8843-4388-869C-1CB50E1669D0}"
EndProject
Project("{FAE04EC0-301F-11D3-BF4B-00C04F79EFBC}") = "WindowsServiceAgent", "WindowsServiceAgent\WindowsServiceAgent.csproj", "{6146C1A5-1BFF-4B5F-9511-BB0DA8F32D6F}"
EndProject
Global
	GlobalSection(SolutionConfigurationPlatforms) = preSolution
		Debug|Any CPU = Debug|Any CPU
		Debug|x64 = Debug|x64
		Debug|x86 = Debug|x86
		Release|Any CPU = Release|Any CPU
		Release|x64 = Release|x64
		Release|x86 = Release|x86
	EndGlobalSection
	GlobalSection(ProjectConfigurationPlatforms) = postSolution
		{7277FC95-88F9-4082-AC5E-ED85D92D672F}.Debug|Any CPU.ActiveCfg = Debug|Any CPU
		{7277FC95-88F9-4082-AC5E-ED85D92D672F}.Debug|x64.ActiveCfg = Debug|Any CPU
		{7277FC95-88F9-4082-AC5E-ED85D92D672F}.Debug|x64.Build.0 = Debug|Any CPU
		{7277FC95-88F9-4082-AC5E-ED85D92D672F}.Debug|x86.ActiveCfg = Debug|Any CPU
		{7277FC95-88F9-4082-AC5E-ED85D92D672F}.Debug|x86.Build.0 = Debug|Any CPU
		{7277FC95-88F9-4082-AC5E-ED85D92D672F}.Release|Any CPU.ActiveCfg = Release|Any CPU
		{7277FC95-88F9-4082-AC5E-ED85D92D672F}.Release|Any CPU.Build.0 = Release|Any CPU
		{7277FC95-88F9-4082-AC5E-ED85D92D672F}.Release|x64.ActiveCfg = Release|Any CPU
		{7277FC95-88F9-4082-AC5E-ED85D92D672F}.Release|x64.Build.0 = Release|Any CPU
		{7277FC95-88F9-4082-AC5E-ED85D92D672F}.Release|x86.ActiveCfg = Release|Any CPU
		{7277FC95-88F9-4082-AC5E-ED85D92D672F}.Release|x86.Build.0 = Release|Any CPU
		{1BDAB92E-7A6E-49BF-8395-9CDCCEF0E078}.Debug|Any CPU.ActiveCfg = Debug|Any CPU
		{1BDAB92E-7A6E-49BF-8395-9CDCCEF0E078}.Debug|x64.ActiveCfg = Debug|Any CPU
		{1BDAB92E-7A6E-49BF-8395-9CDCCEF0E078}.Debug|x64.Build.0 = Debug|Any CPU
		{1BDAB92E-7A6E-49BF-8395-9CDCCEF0E078}.Debug|x86.ActiveCfg = Debug|Any CPU
		{1BDAB92E-7A6E-49BF-8395-9CDCCEF0E078}.Debug|x86.Build.0 = Debug|Any CPU
		{1BDAB92E-7A6E-49BF-8395-9CDCCEF0E078}.Release|Any CPU.ActiveCfg = Release|Any CPU
		{1BDAB92E-7A6E-49BF-8395-9CDCCEF0E078}.Release|Any CPU.Build.0 = Release|Any CPU
		{1BDAB92E-7A6E-49BF-8395-9CDCCEF0E078}.Release|x64.ActiveCfg = Release|Any CPU
		{1BDAB92E-7A6E-49BF-8395-9CDCCEF0E078}.Release|x64.Build.0 = Release|Any CPU
		{1BDAB92E-7A6E-49BF-8395-9CDCCEF0E078}.Release|x86.ActiveCfg = Release|Any CPU
		{1BDAB92E-7A6E-49BF-8395-9CDCCEF0E078}.Release|x86.Build.0 = Release|Any CPU
		{15AD582E-F01E-401F-9668-CFCAF7B9E410}.Debug|Any CPU.ActiveCfg = Debug|Any CPU
		{15AD582E-F01E-401F-9668-CFCAF7B9E410}.Debug|x64.ActiveCfg = Debug|Any CPU
		{15AD582E-F01E-401F-9668-CFCAF7B9E410}.Debug|x64.Build.0 = Debug|Any CPU
		{15AD582E-F01E-401F-9668-CFCAF7B9E410}.Debug|x86.ActiveCfg = Debug|Any CPU
		{15AD582E-F01E-401F-9668-CFCAF7B9E410}.Debug|x86.Build.0 = Debug|Any CPU
		{15AD582E-F01E-401F-9668-CFCAF7B9E410}.Release|Any CPU.ActiveCfg = Release|Any CPU
		{15AD582E-F01E-401F-9668-CFCAF7B9E410}.Release|Any CPU.Build.0 = Release|Any CPU
		{15AD582E-F01E-401F-9668-CFCAF7B9E410}.Release|x64.ActiveCfg = Release|Any CPU
		{15AD582E-F01E-401F-9668-CFCAF7B9E410}.Release|x64.Build.0 = Release|Any CPU
		{15AD582E-F01E-401F-9668-CFCAF7B9E410}.Release|x86.ActiveCfg = Release|Any CPU
		{15AD582E-F01E-401F-9668-CFCAF7B9E410}.Release|x86.Build.0 = Release|Any CPU
		{F8EC067E-3B11-47A9-8480-5D44FA738640}.Debug|Any CPU.ActiveCfg = Debug|Win32
		{F8EC067E-3B11-47A9-8480-5D44FA738640}.Debug|Any CPU.Build.0 = Debug|Win32
		{F8EC067E-3B11-47A9-8480-5D44FA738640}.Debug|x64.ActiveCfg = Debug|x64
		{F8EC067E-3B11-47A9-8480-5D44FA738640}.Debug|x64.Build.0 = Debug|x64
		{F8EC067E-3B11-47A9-8480-5D44FA738640}.Debug|x86.ActiveCfg = Debug|Win32
		{F8EC067E-3B11-47A9-8480-5D44FA738640}.Debug|x86.Build.0 = Debug|Win32
		{F8EC067E-3B11-47A9-8480-5D44FA738640}.Release|Any CPU.ActiveCfg = Release|Win32
		{F8EC067E-3B11-47A9-8480-5D44FA738640}.Release|x64.ActiveCfg = Release|x64
		{F8EC067E-3B11-47A9-8480-5D44FA738640}.Release|x64.Build.0 = Release|x64
		{F8EC067E-3B11-47A9-8480-5D44FA738640}.Release|x86.ActiveCfg = Release|Win32
		{F8EC067E-3B11-47A9-8480-5D44FA738640}.Release|x86.Build.0 = Release|Win32
		{8A03F794-08D6-4FC9-85AF-2C13D29870CB}.Debug|Any CPU.ActiveCfg = Debug|Win32
		{8A03F794-08D6-4FC9-85AF-2C13D29870CB}.Debug|Any CPU.Build.0 = Debug|Win32
		{8A03F794-08D6-4FC9-85AF-2C13D29870CB}.Debug|x64.ActiveCfg = Debug|x64
		{8A03F794-08D6-4FC9-85AF-2C13D29870CB}.Debug|x64.Build.0 = Debug|x64
		{8A03F794-08D6-4FC9-85AF-2C13D29870CB}.Debug|x86.ActiveCfg = Debug|Win32
		{8A03F794-08D6-4FC9-85AF-2C13D29870CB}.Debug|x86.Build.0 = Debug|Win32
		{8A03F794-08D6-4FC9-85AF-2C13D29870CB}.Release|Any CPU.ActiveCfg = Release|Win32
		{8A03F794-08D6-4FC9-85AF-2C13D29870CB}.Release|x64.ActiveCfg = Release|x64
		{8A03F794-08D6-4FC9-85AF-2C13D29870CB}.Release|x64.Build.0 = Release|x64
		{8A03F794-08D6-4FC9-85AF-2C13D29870CB}.Release|x86.ActiveCfg = Release|Win32
		{8A03F794-08D6-4FC9-85AF-2C13D29870CB}.Release|x86.Build.0 = Release|Win32
		{11C5B873-D368-4E7B-82BB-373EC079E141}.Debug|Any CPU.ActiveCfg = Debug|Win32
		{11C5B873-D368-4E7B-82BB-373EC079E141}.Debug|x64.ActiveCfg = Debug|x64
		{11C5B873-D368-4E7B-82BB-373EC079E141}.Debug|x64.Build.0 = Debug|x64
		{11C5B873-D368-4E7B-82BB-373EC079E141}.Debug|x86.ActiveCfg = Debug|Win32
		{11C5B873-D368-4E7B-82BB-373EC079E141}.Debug|x86.Build.0 = Debug|Win32
		{11C5B873-D368-4E7B-82BB-373EC079E141}.Release|Any CPU.ActiveCfg = Release|Win32
		{11C5B873-D368-4E7B-82BB-373EC079E141}.Release|x64.ActiveCfg = Release|x64
		{11C5B873-D368-4E7B-82BB-373EC079E141}.Release|x64.Build.0 = Release|x64
		{11C5B873-D368-4E7B-82BB-373EC079E141}.Release|x86.ActiveCfg = Release|Win32
		{11C5B873-D368-4E7B-82BB-373EC079E141}.Release|x86.Build.0 = Release|Win32
		{CEE2D4CF-8843-4388-869C-1CB50E1669D0}.Debug|Any CPU.ActiveCfg = Debug|Any CPU
		{CEE2D4CF-8843-4388-869C-1CB50E1669D0}.Debug|Any CPU.Build.0 = Debug|Any CPU
		{CEE2D4CF-8843-4388-869C-1CB50E1669D0}.Debug|x64.ActiveCfg = Debug|Any CPU
		{CEE2D4CF-8843-4388-869C-1CB50E1669D0}.Debug|x64.Build.0 = Debug|Any CPU
		{CEE2D4CF-8843-4388-869C-1CB50E1669D0}.Debug|x86.ActiveCfg = Debug|Any CPU
		{CEE2D4CF-8843-4388-869C-1CB50E1669D0}.Debug|x86.Build.0 = Debug|Any CPU
		{CEE2D4CF-8843-4388-869C-1CB50E1669D0}.Release|Any CPU.ActiveCfg = Release|Any CPU
		{CEE2D4CF-8843-4388-869C-1CB50E1669D0}.Release|Any CPU.Build.0 = Release|Any CPU
		{CEE2D4CF-8843-4388-869C-1CB50E1669D0}.Release|x64.ActiveCfg = Release|Any CPU
		{CEE2D4CF-8843-4388-869C-1CB50E1669D0}.Release|x64.Build.0 = Release|Any CPU
		{CEE2D4CF-8843-4388-869C-1CB50E1669D0}.Release|x86.ActiveCfg = Release|Any CPU
		{CEE2D4CF-8843-4388-869C-1CB50E1669D0}.Release|x86.Build.0 = Release|Any CPU
		{6146C1A5-1BFF-4B5F-9511-BB0DA8F32D6F}.Debug|Any CPU.ActiveCfg = Debug|Any CPU
		{6146C1A5-1BFF-4B5F-9511-BB0DA8F32D6F}.Debug|Any CPU.Build.0 = Debug|Any CPU
		{6146C1A5-1BFF-4B5F-9511-BB0DA8F32D6F}.Debug|x64.ActiveCfg = Debug|Any CPU
		{6146C1A5-1BFF-4B5F-9511-BB0DA8F32D6F}.Debug|x64.Build.0 = Debug|Any CPU
		{6146C1A5-1BFF-4B5F-9511-BB0DA8F32D6F}.Debug|x86.ActiveCfg = Debug|Any CPU
		{6146C1A5-1BFF-4B5F-9511-BB0DA8F32D6F}.Debug|x86.Build.0 = Debug|Any CPU
		{6146C1A5-1BFF-4B5F-9511-BB0DA8F32D6F}.Release|Any CPU.ActiveCfg = Release|Any CPU
		{6146C1A5-1BFF-4B5F-9511-BB0DA8F32D6F}.Release|Any CPU.Build.0 = Release|Any CPU
		{6146C1A5-1BFF-4B5F-9511-BB0DA8F32D6F}.Release|x64.ActiveCfg = Release|Any CPU
		{6146C1A5-1BFF-4B5F-9511-BB0DA8F32D6F}.Release|x64.Build.0 = Release|Any CPU
		{6146C1A5-1BFF-4B5F-9511-BB0DA8F32D6F}.Release|x86.ActiveCfg = Release|Any CPU
		{6146C1A5-1BFF-4B5F-9511-BB0DA8F32D6F}.Release|x86.Build.0 = Release|Any CPU
	EndGlobalSection
	GlobalSection(SolutionProperties) = preSolution
		HideSolutionNode = FALSE
	EndGlobalSection
	GlobalSection(NestedProjects) = preSolution
		{7277FC95-88F9-4082-AC5E-ED85D92D672F} = {143116FB-7800-44FB-A4D0-70F28D0A7559}
		{1BDAB92E-7A6E-49BF-8395-9CDCCEF0E078} = {143116FB-7800-44FB-A4D0-70F28D0A7559}
		{15AD582E-F01E-401F-9668-CFCAF7B9E410} = {143116FB-7800-44FB-A4D0-70F28D0A7559}
		{F8EC067E-3B11-47A9-8480-5D44FA738640} = {D7572C16-E0D4-410B-91F5-33D49FF8688A}
		{8A03F794-08D6-4FC9-85AF-2C13D29870CB} = {D7572C16-E0D4-410B-91F5-33D49FF8688A}
		{11C5B873-D368-4E7B-82BB-373EC079E141} = {D7572C16-E0D4-410B-91F5-33D49FF8688A}
		{CEE2D4CF-8843-4388-869C-1CB50E1669D0} = {D7572C16-E0D4-410B-91F5-33D49FF8688A}
		{6146C1A5-1BFF-4B5F-9511-BB0DA8F32D6F} = {D7572C16-E0D4-410B-91F5-33D49FF8688A}
	EndGlobalSection
	GlobalSection(ExtensibilityGlobals) = postSolution
		SolutionGuid = {0442A8E8-544E-4C0A-8AFD-7214CD30D477}
	EndGlobalSection
EndGlobal
